
Microsoft Visual Studio Solution File, Format Version 12.00
# Visual Studio Version 17
VisualStudioVersion = 17.8.34330.188
MinimumVisualStudioVersion = 10.0.40219.1
Project("{9A19103F-16F7-4668-BE54-9A1E7A4F7556}") = "00. Programming", "00. programming\00. Programming.csproj", "{57249AF7-B299-4C3D-8362-629F553B436A}"
EndProject
Project("{2150E333-8FDC-42A3-9474-1A3956D46DE8}") = "솔루션 항목", "솔루션 항목", "{F0FA1C11-714E-4E8A-A6D6-E735A38256CC}"
EndProject
Project("{9A19103F-16F7-4668-BE54-9A1E7A4F7556}") = "01. DataType", "01. DataType\01. DataType.csproj", "{26F322DA-5C7E-45D9-995D-97F12F9CCAF5}"
EndProject
Project("{9A19103F-16F7-4668-BE54-9A1E7A4F7556}") = "02. Operator", "02. Operator\02. Operator.csproj", "{0A9E2002-8337-4FBC-A995-ACE0F254B612}"
EndProject
Project("{9A19103F-16F7-4668-BE54-9A1E7A4F7556}") = "03. Conditional", "03. Conditional\03. Conditional.csproj", "{7C85F188-5A86-4000-9EAA-4DA617601A42}"
EndProject
Project("{9A19103F-16F7-4668-BE54-9A1E7A4F7556}") = "04. Loop", "04. Loop\04. Loop.csproj", "{DFCBF211-6F9B-499E-9481-72C508907E2F}"
EndProject
Project("{9A19103F-16F7-4668-BE54-9A1E7A4F7556}") = "05. Function", "05. Function\05. Function.csproj", "{C8FC1EE5-C6E9-40AD-B55B-12878C0D2011}"
EndProject
Project("{9A19103F-16F7-4668-BE54-9A1E7A4F7556}") = "06. UserDefomeType", "06. UserDefomeType\06. UserDefomeType.csproj", "{EBD135A1-E878-4084-9100-F10FEA0085CC}"
EndProject
Project("{9A19103F-16F7-4668-BE54-9A1E7A4F7556}") = "07. Class", "07. Class\07. Class.csproj", "{AA45EF0B-D5C6-4B4B-B7C4-ED81F90040D5}"
EndProject
Project("{9A19103F-16F7-4668-BE54-9A1E7A4F7556}") = "08. Memory", "08. Memory\08. Memory.csproj", "{200BF775-3B9A-449D-8F6E-4B3329FF0C71}"
EndProject
Project("{FAE04EC0-301F-11D3-BF4B-00C04F79EFBC}") = "OOP", "09. Abstraction(OOP)\OOP.csproj", "{20D96ACB-5283-4C51-B87B-6A0C86746D66}"
EndProject
Global
	GlobalSection(SolutionConfigurationPlatforms) = preSolution
		Debug|Any CPU = Debug|Any CPU
		Release|Any CPU = Release|Any CPU
	EndGlobalSection
	GlobalSection(ProjectConfigurationPlatforms) = postSolution
		{57249AF7-B299-4C3D-8362-629F553B436A}.Debug|Any CPU.ActiveCfg = Debug|Any CPU
		{57249AF7-B299-4C3D-8362-629F553B436A}.Debug|Any CPU.Build.0 = Debug|Any CPU
		{57249AF7-B299-4C3D-8362-629F553B436A}.Release|Any CPU.ActiveCfg = Release|Any CPU
		{57249AF7-B299-4C3D-8362-629F553B436A}.Release|Any CPU.Build.0 = Release|Any CPU
		{26F322DA-5C7E-45D9-995D-97F12F9CCAF5}.Debug|Any CPU.ActiveCfg = Debug|Any CPU
		{26F322DA-5C7E-45D9-995D-97F12F9CCAF5}.Debug|Any CPU.Build.0 = Debug|Any CPU
		{26F322DA-5C7E-45D9-995D-97F12F9CCAF5}.Release|Any CPU.ActiveCfg = Release|Any CPU
		{26F322DA-5C7E-45D9-995D-97F12F9CCAF5}.Release|Any CPU.Build.0 = Release|Any CPU
		{0A9E2002-8337-4FBC-A995-ACE0F254B612}.Debug|Any CPU.ActiveCfg = Debug|Any CPU
		{0A9E2002-8337-4FBC-A995-ACE0F254B612}.Debug|Any CPU.Build.0 = Debug|Any CPU
		{0A9E2002-8337-4FBC-A995-ACE0F254B612}.Release|Any CPU.ActiveCfg = Release|Any CPU
		{0A9E2002-8337-4FBC-A995-ACE0F254B612}.Release|Any CPU.Build.0 = Release|Any CPU
		{7C85F188-5A86-4000-9EAA-4DA617601A42}.Debug|Any CPU.ActiveCfg = Debug|Any CPU
		{7C85F188-5A86-4000-9EAA-4DA617601A42}.Debug|Any CPU.Build.0 = Debug|Any CPU
		{7C85F188-5A86-4000-9EAA-4DA617601A42}.Release|Any CPU.ActiveCfg = Release|Any CPU
		{7C85F188-5A86-4000-9EAA-4DA617601A42}.Release|Any CPU.Build.0 = Release|Any CPU
		{DFCBF211-6F9B-499E-9481-72C508907E2F}.Debug|Any CPU.ActiveCfg = Debug|Any CPU
		{DFCBF211-6F9B-499E-9481-72C508907E2F}.Debug|Any CPU.Build.0 = Debug|Any CPU
		{DFCBF211-6F9B-499E-9481-72C508907E2F}.Release|Any CPU.ActiveCfg = Release|Any CPU
		{DFCBF211-6F9B-499E-9481-72C508907E2F}.Release|Any CPU.Build.0 = Release|Any CPU
		{C8FC1EE5-C6E9-40AD-B55B-12878C0D2011}.Debug|Any CPU.ActiveCfg = Debug|Any CPU
		{C8FC1EE5-C6E9-40AD-B55B-12878C0D2011}.Debug|Any CPU.Build.0 = Debug|Any CPU
		{C8FC1EE5-C6E9-40AD-B55B-12878C0D2011}.Release|Any CPU.ActiveCfg = Release|Any CPU
		{C8FC1EE5-C6E9-40AD-B55B-12878C0D2011}.Release|Any CPU.Build.0 = Release|Any CPU
		{EBD135A1-E878-4084-9100-F10FEA0085CC}.Debug|Any CPU.ActiveCfg = Debug|Any CPU
		{EBD135A1-E878-4084-9100-F10FEA0085CC}.Debug|Any CPU.Build.0 = Debug|Any CPU
		{EBD135A1-E878-4084-9100-F10FEA0085CC}.Release|Any CPU.ActiveCfg = Release|Any CPU
		{EBD135A1-E878-4084-9100-F10FEA0085CC}.Release|Any CPU.Build.0 = Release|Any CPU
		{AA45EF0B-D5C6-4B4B-B7C4-ED81F90040D5}.Debug|Any CPU.ActiveCfg = Debug|Any CPU
		{AA45EF0B-D5C6-4B4B-B7C4-ED81F90040D5}.Debug|Any CPU.Build.0 = Debug|Any CPU
		{AA45EF0B-D5C6-4B4B-B7C4-ED81F90040D5}.Release|Any CPU.ActiveCfg = Release|Any CPU
		{AA45EF0B-D5C6-4B4B-B7C4-ED81F90040D5}.Release|Any CPU.Build.0 = Release|Any CPU
		{200BF775-3B9A-449D-8F6E-4B3329FF0C71}.Debug|Any CPU.ActiveCfg = Debug|Any CPU
		{200BF775-3B9A-449D-8F6E-4B3329FF0C71}.Debug|Any CPU.Build.0 = Debug|Any CPU
		{200BF775-3B9A-449D-8F6E-4B3329FF0C71}.Release|Any CPU.ActiveCfg = Release|Any CPU
		{200BF775-3B9A-449D-8F6E-4B3329FF0C71}.Release|Any CPU.Build.0 = Release|Any CPU
		{20D96ACB-5283-4C51-B87B-6A0C86746D66}.Debug|Any CPU.ActiveCfg = Debug|Any CPU
		{20D96ACB-5283-4C51-B87B-6A0C86746D66}.Debug|Any CPU.Build.0 = Debug|Any CPU
		{20D96ACB-5283-4C51-B87B-6A0C86746D66}.Release|Any CPU.ActiveCfg = Release|Any CPU
		{20D96ACB-5283-4C51-B87B-6A0C86746D66}.Release|Any CPU.Build.0 = Release|Any CPU
	EndGlobalSection
	GlobalSection(SolutionProperties) = preSolution
		HideSolutionNode = FALSE
	EndGlobalSection
	GlobalSection(ExtensibilityGlobals) = postSolution
		SolutionGuid = {44A9A97F-FE64-4450-B55E-882033BBBB1D}
	EndGlobalSection
EndGlobal
