
Microsoft Visual Studio Solution File, Format Version 12.00
# Visual Studio Version 17
VisualStudioVersion = 17.8.34330.188
MinimumVisualStudioVersion = 10.0.40219.1
Project("{FAE04EC0-301F-11D3-BF4B-00C04F79EFBC}") = "00. programming", "00. programming\00. programming.csproj", "{57249AF7-B299-4C3D-8362-629F553B436A}"
EndProject
Global
	GlobalSection(SolutionConfigurationPlatforms) = preSolution
		Debug|Any CPU = Debug|Any CPU
		Release|Any CPU = Release|Any CPU
	EndGlobalSection
	GlobalSection(ProjectConfigurationPlatforms) = postSolution
		{57249AF7-B299-4C3D-8362-629F553B436A}.Debug|Any CPU.ActiveCfg = Debug|Any CPU
		{57249AF7-B299-4C3D-8362-629F553B436A}.Debug|Any CPU.Build.0 = Debug|Any CPU
		{57249AF7-B299-4C3D-8362-629F553B436A}.Release|Any CPU.ActiveCfg = Release|Any CPU
		{57249AF7-B299-4C3D-8362-629F553B436A}.Release|Any CPU.Build.0 = Release|Any CPU
	EndGlobalSection
	GlobalSection(SolutionProperties) = preSolution
		HideSolutionNode = FALSE
	EndGlobalSection
	GlobalSection(ExtensibilityGlobals) = postSolution
		SolutionGuid = {44A9A97F-FE64-4450-B55E-882033BBBB1D}
	EndGlobalSection
EndGlobal
